
Microsoft Visual Studio Solution File, Format Version 12.00
# Visual Studio Version 17
VisualStudioVersion = 17.8.34525.116
MinimumVisualStudioVersion = 10.0.40219.1
Project("{FAE04EC0-301F-11D3-BF4B-00C04F79EFBC}") = "BakuCore", "BakuCore\BakuCore.csproj", "{9E08709A-5A8F-4D7A-BBF5-83EC5F3276BA}"
EndProject
Project("{9A19103F-16F7-4668-BE54-9A1E7A4F7556}") = "Baku", "Baku\Baku.csproj", "{042B3630-7FDF-45C6-8BF4-D794AC02F057}"
EndProject
Global
	GlobalSection(SolutionConfigurationPlatforms) = preSolution
		Debug|Any CPU = Debug|Any CPU
		Release|Any CPU = Release|Any CPU
	EndGlobalSection
	GlobalSection(ProjectConfigurationPlatforms) = postSolution
		{9E08709A-5A8F-4D7A-BBF5-83EC5F3276BA}.Debug|Any CPU.ActiveCfg = Debug|Any CPU
		{9E08709A-5A8F-4D7A-BBF5-83EC5F3276BA}.Debug|Any CPU.Build.0 = Debug|Any CPU
		{9E08709A-5A8F-4D7A-BBF5-83EC5F3276BA}.Release|Any CPU.ActiveCfg = Release|Any CPU
		{9E08709A-5A8F-4D7A-BBF5-83EC5F3276BA}.Release|Any CPU.Build.0 = Release|Any CPU
		{042B3630-7FDF-45C6-8BF4-D794AC02F057}.Debug|Any CPU.ActiveCfg = Debug|Any CPU
		{042B3630-7FDF-45C6-8BF4-D794AC02F057}.Debug|Any CPU.Build.0 = Debug|Any CPU
		{042B3630-7FDF-45C6-8BF4-D794AC02F057}.Release|Any CPU.ActiveCfg = Release|Any CPU
		{042B3630-7FDF-45C6-8BF4-D794AC02F057}.Release|Any CPU.Build.0 = Release|Any CPU
	EndGlobalSection
	GlobalSection(SolutionProperties) = preSolution
		HideSolutionNode = FALSE
	EndGlobalSection
	GlobalSection(ExtensibilityGlobals) = postSolution
		SolutionGuid = {C3B0CF78-8BF7-4DC0-8065-CB1179F3ECD6}
	EndGlobalSection
EndGlobal
